// !$*UTF8*$!
{
	archiveVersion = 1;
	classes = {
	};
	objectVersion = 46;
	objects = {

/* Begin PBXBuildFile section */
		2E1F9FB559EFE54CDDC93009 /* libPods.a in Frameworks */ = {isa = PBXBuildFile; fileRef = 0F76DDF199368BC0A97ECEFB /* libPods.a */; };
		3B843C3D1B3CF9E40002D28C /* ArgParser.swift in Sources */ = {isa = PBXBuildFile; fileRef = 3B843C3B1B3CF9E40002D28C /* ArgParser.swift */; };
		3B843C3E1B3CF9E40002D28C /* main.swift in Sources */ = {isa = PBXBuildFile; fileRef = 3B843C3C1B3CF9E40002D28C /* main.swift */; };
/* End PBXBuildFile section */

/* Begin PBXCopyFilesBuildPhase section */
		3B843C2E1B3CF9B80002D28C /* CopyFiles */ = {
			isa = PBXCopyFilesBuildPhase;
			buildActionMask = 2147483647;
			dstPath = /usr/share/man/man1/;
			dstSubfolderSpec = 0;
			files = (
			);
			runOnlyForDeploymentPostprocessing = 1;
		};
/* End PBXCopyFilesBuildPhase section */

/* Begin PBXFileReference section */
		0F76DDF199368BC0A97ECEFB /* libPods.a */ = {isa = PBXFileReference; explicitFileType = archive.ar; includeInIndex = 0; path = libPods.a; sourceTree = BUILT_PRODUCTS_DIR; };
		3B843C301B3CF9B80002D28C /* mbtp */ = {isa = PBXFileReference; explicitFileType = "compiled.mach-o.executable"; includeInIndex = 0; path = mbtp; sourceTree = BUILT_PRODUCTS_DIR; };
		3B843C3B1B3CF9E40002D28C /* ArgParser.swift */ = {isa = PBXFileReference; fileEncoding = 4; lastKnownFileType = sourcecode.swift; path = ArgParser.swift; sourceTree = "<group>"; };
		3B843C3C1B3CF9E40002D28C /* main.swift */ = {isa = PBXFileReference; fileEncoding = 4; lastKnownFileType = sourcecode.swift; path = main.swift; sourceTree = "<group>"; };
		3B843C4B1B3D103F0002D28C /* Bridging-Header.h */ = {isa = PBXFileReference; lastKnownFileType = sourcecode.c.h; path = "Bridging-Header.h"; sourceTree = "<group>"; };
		C7F7DB947A658665322D401F /* Pods.debug.xcconfig */ = {isa = PBXFileReference; includeInIndex = 1; lastKnownFileType = text.xcconfig; name = Pods.debug.xcconfig; path = "Pods/Target Support Files/Pods/Pods.debug.xcconfig"; sourceTree = "<group>"; };
		E8B67BC1DF2FE6F348616D84 /* Pods.release.xcconfig */ = {isa = PBXFileReference; includeInIndex = 1; lastKnownFileType = text.xcconfig; name = Pods.release.xcconfig; path = "Pods/Target Support Files/Pods/Pods.release.xcconfig"; sourceTree = "<group>"; };
/* End PBXFileReference section */

/* Begin PBXFrameworksBuildPhase section */
		3B843C2D1B3CF9B80002D28C /* Frameworks */ = {
			isa = PBXFrameworksBuildPhase;
			buildActionMask = 2147483647;
			files = (
				2E1F9FB559EFE54CDDC93009 /* libPods.a in Frameworks */,
			);
			runOnlyForDeploymentPostprocessing = 0;
		};
/* End PBXFrameworksBuildPhase section */

/* Begin PBXGroup section */
		3B843C271B3CF9B80002D28C = {
			isa = PBXGroup;
			children = (
				3B843C3A1B3CF9E40002D28C /* Code */,
				3B843C481B3D103F0002D28C /* BuildControl */,
				3B843C311B3CF9B80002D28C /* Products */,
				487BBF803DEF887AFF55A392 /* Pods */,
				9E0C121D76DD7C8EDF2EF384 /* Frameworks */,
			);
			sourceTree = "<group>";
		};
		3B843C311B3CF9B80002D28C /* Products */ = {
			isa = PBXGroup;
			children = (
				3B843C301B3CF9B80002D28C /* mbtp */,
			);
			name = Products;
			sourceTree = "<group>";
		};
		3B843C3A1B3CF9E40002D28C /* Code */ = {
			isa = PBXGroup;
			children = (
				3B843C3C1B3CF9E40002D28C /* main.swift */,
				3B843C3B1B3CF9E40002D28C /* ArgParser.swift */,
			);
			path = Code;
			sourceTree = "<group>";
		};
		3B843C481B3D103F0002D28C /* BuildControl */ = {
			isa = PBXGroup;
			children = (
				3B843C4B1B3D103F0002D28C /* Bridging-Header.h */,
			);
			path = BuildControl;
			sourceTree = "<group>";
		};
		487BBF803DEF887AFF55A392 /* Pods */ = {
			isa = PBXGroup;
			children = (
				C7F7DB947A658665322D401F /* Pods.debug.xcconfig */,
				E8B67BC1DF2FE6F348616D84 /* Pods.release.xcconfig */,
			);
			name = Pods;
			sourceTree = "<group>";
		};
		9E0C121D76DD7C8EDF2EF384 /* Frameworks */ = {
			isa = PBXGroup;
			children = (
				0F76DDF199368BC0A97ECEFB /* libPods.a */,
			);
			name = Frameworks;
			sourceTree = "<group>";
		};
/* End PBXGroup section */

/* Begin PBXNativeTarget section */
		3B843C2F1B3CF9B80002D28C /* mbtp */ = {
			isa = PBXNativeTarget;
			buildConfigurationList = 3B843C371B3CF9B80002D28C /* Build configuration list for PBXNativeTarget "mbtp" */;
			buildPhases = (
				A2F9C85682F2B0099878C58A /* Check Pods Manifest.lock */,
				3B843C2C1B3CF9B80002D28C /* Sources */,
				3B843C2D1B3CF9B80002D28C /* Frameworks */,
				3B843C2E1B3CF9B80002D28C /* CopyFiles */,
				62105F1A9E17B0C53D7DD6DD /* Copy Pods Resources */,
			);
			buildRules = (
			);
			dependencies = (
			);
			name = mbtp;
			productName = MBTemplateProcessor;
			productReference = 3B843C301B3CF9B80002D28C /* mbtp */;
			productType = "com.apple.product-type.tool";
		};
/* End PBXNativeTarget section */

/* Begin PBXProject section */
		3B843C281B3CF9B80002D28C /* Project object */ = {
			isa = PBXProject;
			attributes = {
				LastUpgradeCheck = 0700;
				ORGANIZATIONNAME = "Gilt Groupe";
				TargetAttributes = {
					3B843C2F1B3CF9B80002D28C = {
						CreatedOnToolsVersion = 7.0;
					};
				};
			};
			buildConfigurationList = 3B843C2B1B3CF9B80002D28C /* Build configuration list for PBXProject "MBTemplateProcessor" */;
			compatibilityVersion = "Xcode 3.2";
			developmentRegion = English;
			hasScannedForEncodings = 0;
			knownRegions = (
				en,
			);
			mainGroup = 3B843C271B3CF9B80002D28C;
			productRefGroup = 3B843C311B3CF9B80002D28C /* Products */;
			projectDirPath = "";
			projectRoot = "";
			targets = (
				3B843C2F1B3CF9B80002D28C /* mbtp */,
			);
		};
/* End PBXProject section */

/* Begin PBXShellScriptBuildPhase section */
		62105F1A9E17B0C53D7DD6DD /* Copy Pods Resources */ = {
			isa = PBXShellScriptBuildPhase;
			buildActionMask = 2147483647;
			files = (
			);
			inputPaths = (
			);
			name = "Copy Pods Resources";
			outputPaths = (
			);
			runOnlyForDeploymentPostprocessing = 0;
			shellPath = /bin/sh;
			shellScript = "\"${SRCROOT}/Pods/Target Support Files/Pods/Pods-resources.sh\"\n";
			showEnvVarsInLog = 0;
		};
		A2F9C85682F2B0099878C58A /* Check Pods Manifest.lock */ = {
			isa = PBXShellScriptBuildPhase;
			buildActionMask = 8;
			files = (
			);
			inputPaths = (
			);
			name = "Check Pods Manifest.lock";
			outputPaths = (
			);
			runOnlyForDeploymentPostprocessing = 1;
			shellPath = /bin/sh;
			shellScript = "diff \"${PODS_ROOT}/../Podfile.lock\" \"${PODS_ROOT}/Manifest.lock\" > /dev/null\nif [[ $? != 0 ]] ; then\n    cat << EOM\nerror: The sandbox is not in sync with the Podfile.lock. Run 'pod install' or update your CocoaPods installation.\nEOM\n    exit 1\nfi\n";
			showEnvVarsInLog = 0;
		};
/* End PBXShellScriptBuildPhase section */

/* Begin PBXSourcesBuildPhase section */
		3B843C2C1B3CF9B80002D28C /* Sources */ = {
			isa = PBXSourcesBuildPhase;
			buildActionMask = 2147483647;
			files = (
				3B843C3E1B3CF9E40002D28C /* main.swift in Sources */,
				3B843C3D1B3CF9E40002D28C /* ArgParser.swift in Sources */,
			);
			runOnlyForDeploymentPostprocessing = 0;
		};
/* End PBXSourcesBuildPhase section */

/* Begin XCBuildConfiguration section */
		3B843C351B3CF9B80002D28C /* Debug */ = {
			isa = XCBuildConfiguration;
			buildSettings = {
				ALWAYS_SEARCH_USER_PATHS = NO;
				CLANG_CXX_LANGUAGE_STANDARD = "gnu++0x";
				CLANG_CXX_LIBRARY = "libc++";
				CLANG_ENABLE_MODULES = YES;
				CLANG_ENABLE_OBJC_ARC = YES;
				CLANG_WARN_BOOL_CONVERSION = YES;
				CLANG_WARN_CONSTANT_CONVERSION = YES;
				CLANG_WARN_DIRECT_OBJC_ISA_USAGE = YES_ERROR;
				CLANG_WARN_EMPTY_BODY = YES;
				CLANG_WARN_ENUM_CONVERSION = YES;
				CLANG_WARN_INT_CONVERSION = YES;
				CLANG_WARN_OBJC_ROOT_CLASS = YES_ERROR;
				CLANG_WARN_UNREACHABLE_CODE = YES;
				CLANG_WARN__DUPLICATE_METHOD_MATCH = YES;
				COPY_PHASE_STRIP = NO;
				DEBUG_INFORMATION_FORMAT = dwarf;
				ENABLE_STRICT_OBJC_MSGSEND = YES;
				ENABLE_TESTABILITY = YES;
				GCC_C_LANGUAGE_STANDARD = gnu99;
				GCC_DYNAMIC_NO_PIC = NO;
				GCC_NO_COMMON_BLOCKS = YES;
				GCC_OPTIMIZATION_LEVEL = 0;
				GCC_PREPROCESSOR_DEFINITIONS = (
					"DEBUG=1",
					"$(inherited)",
				);
				GCC_WARN_64_TO_32_BIT_CONVERSION = YES;
				GCC_WARN_ABOUT_RETURN_TYPE = YES_ERROR;
				GCC_WARN_UNDECLARED_SELECTOR = YES;
				GCC_WARN_UNINITIALIZED_AUTOS = YES_AGGRESSIVE;
				GCC_WARN_UNUSED_FUNCTION = YES;
				GCC_WARN_UNUSED_VARIABLE = YES;
				MACOSX_DEPLOYMENT_TARGET = 10.9;
				MTL_ENABLE_DEBUG_INFO = YES;
				ONLY_ACTIVE_ARCH = YES;
				SDKROOT = macosx;
				SWIFT_OPTIMIZATION_LEVEL = "-Onone";
			};
			name = Debug;
		};
		3B843C361B3CF9B80002D28C /* Release */ = {
			isa = XCBuildConfiguration;
			buildSettings = {
				ALWAYS_SEARCH_USER_PATHS = NO;
				CLANG_CXX_LANGUAGE_STANDARD = "gnu++0x";
				CLANG_CXX_LIBRARY = "libc++";
				CLANG_ENABLE_MODULES = YES;
				CLANG_ENABLE_OBJC_ARC = YES;
				CLANG_WARN_BOOL_CONVERSION = YES;
				CLANG_WARN_CONSTANT_CONVERSION = YES;
				CLANG_WARN_DIRECT_OBJC_ISA_USAGE = YES_ERROR;
				CLANG_WARN_EMPTY_BODY = YES;
				CLANG_WARN_ENUM_CONVERSION = YES;
				CLANG_WARN_INT_CONVERSION = YES;
				CLANG_WARN_OBJC_ROOT_CLASS = YES_ERROR;
				CLANG_WARN_UNREACHABLE_CODE = YES;
				CLANG_WARN__DUPLICATE_METHOD_MATCH = YES;
				COPY_PHASE_STRIP = NO;
				DEBUG_INFORMATION_FORMAT = "dwarf-with-dsym";
				ENABLE_NS_ASSERTIONS = NO;
				ENABLE_STRICT_OBJC_MSGSEND = YES;
				GCC_C_LANGUAGE_STANDARD = gnu99;
				GCC_NO_COMMON_BLOCKS = YES;
				GCC_WARN_64_TO_32_BIT_CONVERSION = YES;
				GCC_WARN_ABOUT_RETURN_TYPE = YES_ERROR;
				GCC_WARN_UNDECLARED_SELECTOR = YES;
				GCC_WARN_UNINITIALIZED_AUTOS = YES_AGGRESSIVE;
				GCC_WARN_UNUSED_FUNCTION = YES;
				GCC_WARN_UNUSED_VARIABLE = YES;
				MACOSX_DEPLOYMENT_TARGET = 10.9;
				MTL_ENABLE_DEBUG_INFO = NO;
				SDKROOT = macosx;
			};
			name = Release;
		};
		3B843C381B3CF9B80002D28C /* Debug */ = {
			isa = XCBuildConfiguration;
			baseConfigurationReference = C7F7DB947A658665322D401F /* Pods.debug.xcconfig */;
			buildSettings = {
				PRODUCT_NAME = "$(TARGET_NAME)";
				SWIFT_OBJC_BRIDGING_HEADER = "BuildControl/Bridging-Header.h";
			};
			name = Debug;
		};
		3B843C391B3CF9B80002D28C /* Release */ = {
			isa = XCBuildConfiguration;
			baseConfigurationReference = E8B67BC1DF2FE6F348616D84 /* Pods.release.xcconfig */;
			buildSettings = {
				PRODUCT_NAME = "$(TARGET_NAME)";
				SWIFT_OBJC_BRIDGING_HEADER = "BuildControl/Bridging-Header.h";
			};
			name = Release;
		};
/* End XCBuildConfiguration section */

/* Begin XCConfigurationList section */
		3B843C2B1B3CF9B80002D28C /* Build configuration list for PBXProject "MBTemplateProcessor" */ = {
			isa = XCConfigurationList;
			buildConfigurations = (
				3B843C351B3CF9B80002D28C /* Debug */,
				3B843C361B3CF9B80002D28C /* Release */,
			);
			defaultConfigurationIsVisible = 0;
			defaultConfigurationName = Release;
		};
		3B843C371B3CF9B80002D28C /* Build configuration list for PBXNativeTarget "mbtp" */ = {
			isa = XCConfigurationList;
			buildConfigurations = (
				3B843C381B3CF9B80002D28C /* Debug */,
				3B843C391B3CF9B80002D28C /* Release */,
			);
			defaultConfigurationIsVisible = 0;
			defaultConfigurationName = Release;
		};
/* End XCConfigurationList section */
	};
	rootObject = 3B843C281B3CF9B80002D28C /* Project object */;
}
